
Microsoft Visual Studio Solution File, Format Version 12.00
# Visual Studio Version 17
VisualStudioVersion = 17.12.35309.182
MinimumVisualStudioVersion = 10.0.40219.1
Project("{FAE04EC0-301F-11D3-BF4B-00C04F79EFBC}") = "Stock Management Mobile App", "Stock Management Mobile App\Stock Management Mobile App.csproj", "{87D2B24E-D030-4809-B427-82FEF209F23B}"
EndProject
Global
	GlobalSection(SolutionConfigurationPlatforms) = preSolution
		Debug|Any CPU = Debug|Any CPU
		Release|Any CPU = Release|Any CPU
	EndGlobalSection
	GlobalSection(ProjectConfigurationPlatforms) = postSolution
		{87D2B24E-D030-4809-B427-82FEF209F23B}.Debug|Any CPU.ActiveCfg = Debug|Any CPU
		{87D2B24E-D030-4809-B427-82FEF209F23B}.Debug|Any CPU.Build.0 = Debug|Any CPU
		{87D2B24E-D030-4809-B427-82FEF209F23B}.Debug|Any CPU.Deploy.0 = Debug|Any CPU
		{87D2B24E-D030-4809-B427-82FEF209F23B}.Release|Any CPU.ActiveCfg = Release|Any CPU
		{87D2B24E-D030-4809-B427-82FEF209F23B}.Release|Any CPU.Build.0 = Release|Any CPU
		{87D2B24E-D030-4809-B427-82FEF209F23B}.Release|Any CPU.Deploy.0 = Release|Any CPU
	EndGlobalSection
	GlobalSection(SolutionProperties) = preSolution
		HideSolutionNode = FALSE
	EndGlobalSection
	GlobalSection(ExtensibilityGlobals) = postSolution
		SolutionGuid = {AF6C5039-8591-4139-A335-13099EE88C34}
	EndGlobalSection
EndGlobal
